
Microsoft Visual Studio Solution File, Format Version 12.00
# Visual Studio 15
VisualStudioVersion = 15.0.28307.271
MinimumVisualStudioVersion = 10.0.40219.1
Project("{FAE04EC0-301F-11D3-BF4B-00C04F79EFBC}") = "Chart_Sqlite_Sample.Android", "Chart_Sqlite_Sample\Chart_Sqlite_Sample.Android\Chart_Sqlite_Sample.Android.csproj", "{434E1C71-9034-489F-8E25-0180016BF563}"
EndProject
Project("{FAE04EC0-301F-11D3-BF4B-00C04F79EFBC}") = "Chart_Sqlite_Sample.iOS", "Chart_Sqlite_Sample\Chart_Sqlite_Sample.iOS\Chart_Sqlite_Sample.iOS.csproj", "{CDB64F3B-A2A5-406A-BB69-39B7B53FFC5A}"
EndProject
Project("{FAE04EC0-301F-11D3-BF4B-00C04F79EFBC}") = "Chart_Sqlite_Sample.UWP", "Chart_Sqlite_Sample\Chart_Sqlite_Sample.UWP\Chart_Sqlite_Sample.UWP.csproj", "{1A8E48B5-D4D9-4104-8841-01C63603EAE8}"
EndProject
Project("{FAE04EC0-301F-11D3-BF4B-00C04F79EFBC}") = "Chart_Sqlite_Sample", "Chart_Sqlite_Sample\Chart_Sqlite_Sample\Chart_Sqlite_Sample.csproj", "{7C5FD653-CEF0-4001-BC66-325B53099A2F}"
EndProject
Global
	GlobalSection(SolutionConfigurationPlatforms) = preSolution
		Ad-Hoc|Any CPU = Ad-Hoc|Any CPU
		Ad-Hoc|ARM = Ad-Hoc|ARM
		Ad-Hoc|iPhone = Ad-Hoc|iPhone
		Ad-Hoc|iPhoneSimulator = Ad-Hoc|iPhoneSimulator
		Ad-Hoc|x64 = Ad-Hoc|x64
		Ad-Hoc|x86 = Ad-Hoc|x86
		AppStore|Any CPU = AppStore|Any CPU
		AppStore|ARM = AppStore|ARM
		AppStore|iPhone = AppStore|iPhone
		AppStore|iPhoneSimulator = AppStore|iPhoneSimulator
		AppStore|x64 = AppStore|x64
		AppStore|x86 = AppStore|x86
		Debug|Any CPU = Debug|Any CPU
		Debug|ARM = Debug|ARM
		Debug|iPhone = Debug|iPhone
		Debug|iPhoneSimulator = Debug|iPhoneSimulator
		Debug|x64 = Debug|x64
		Debug|x86 = Debug|x86
		Release|Any CPU = Release|Any CPU
		Release|ARM = Release|ARM
		Release|iPhone = Release|iPhone
		Release|iPhoneSimulator = Release|iPhoneSimulator
		Release|x64 = Release|x64
		Release|x86 = Release|x86
	EndGlobalSection
	GlobalSection(ProjectConfigurationPlatforms) = postSolution
		{434E1C71-9034-489F-8E25-0180016BF563}.Ad-Hoc|Any CPU.ActiveCfg = Release|Any CPU
		{434E1C71-9034-489F-8E25-0180016BF563}.Ad-Hoc|Any CPU.Build.0 = Release|Any CPU
		{434E1C71-9034-489F-8E25-0180016BF563}.Ad-Hoc|Any CPU.Deploy.0 = Release|Any CPU
		{434E1C71-9034-489F-8E25-0180016BF563}.Ad-Hoc|ARM.ActiveCfg = Release|Any CPU
		{434E1C71-9034-489F-8E25-0180016BF563}.Ad-Hoc|ARM.Build.0 = Release|Any CPU
		{434E1C71-9034-489F-8E25-0180016BF563}.Ad-Hoc|ARM.Deploy.0 = Release|Any CPU
		{434E1C71-9034-489F-8E25-0180016BF563}.Ad-Hoc|iPhone.ActiveCfg = Release|Any CPU
		{434E1C71-9034-489F-8E25-0180016BF563}.Ad-Hoc|iPhone.Build.0 = Release|Any CPU
		{434E1C71-9034-489F-8E25-0180016BF563}.Ad-Hoc|iPhone.Deploy.0 = Release|Any CPU
		{434E1C71-9034-489F-8E25-0180016BF563}.Ad-Hoc|iPhoneSimulator.ActiveCfg = Release|Any CPU
		{434E1C71-9034-489F-8E25-0180016BF563}.Ad-Hoc|iPhoneSimulator.Build.0 = Release|Any CPU
		{434E1C71-9034-489F-8E25-0180016BF563}.Ad-Hoc|iPhoneSimulator.Deploy.0 = Release|Any CPU
		{434E1C71-9034-489F-8E25-0180016BF563}.Ad-Hoc|x64.ActiveCfg = Release|Any CPU
		{434E1C71-9034-489F-8E25-0180016BF563}.Ad-Hoc|x64.Build.0 = Release|Any CPU
		{434E1C71-9034-489F-8E25-0180016BF563}.Ad-Hoc|x64.Deploy.0 = Release|Any CPU
		{434E1C71-9034-489F-8E25-0180016BF563}.Ad-Hoc|x86.ActiveCfg = Release|Any CPU
		{434E1C71-9034-489F-8E25-0180016BF563}.Ad-Hoc|x86.Build.0 = Release|Any CPU
		{434E1C71-9034-489F-8E25-0180016BF563}.Ad-Hoc|x86.Deploy.0 = Release|Any CPU
		{434E1C71-9034-489F-8E25-0180016BF563}.AppStore|Any CPU.ActiveCfg = Release|Any CPU
		{434E1C71-9034-489F-8E25-0180016BF563}.AppStore|Any CPU.Build.0 = Release|Any CPU
		{434E1C71-9034-489F-8E25-0180016BF563}.AppStore|Any CPU.Deploy.0 = Release|Any CPU
		{434E1C71-9034-489F-8E25-0180016BF563}.AppStore|ARM.ActiveCfg = Release|Any CPU
		{434E1C71-9034-489F-8E25-0180016BF563}.AppStore|ARM.Build.0 = Release|Any CPU
		{434E1C71-9034-489F-8E25-0180016BF563}.AppStore|ARM.Deploy.0 = Release|Any CPU
		{434E1C71-9034-489F-8E25-0180016BF563}.AppStore|iPhone.ActiveCfg = Release|Any CPU
		{434E1C71-9034-489F-8E25-0180016BF563}.AppStore|iPhone.Build.0 = Release|Any CPU
		{434E1C71-9034-489F-8E25-0180016BF563}.AppStore|iPhone.Deploy.0 = Release|Any CPU
		{434E1C71-9034-489F-8E25-0180016BF563}.AppStore|iPhoneSimulator.ActiveCfg = Release|Any CPU
		{434E1C71-9034-489F-8E25-0180016BF563}.AppStore|iPhoneSimulator.Build.0 = Release|Any CPU
		{434E1C71-9034-489F-8E25-0180016BF563}.AppStore|iPhoneSimulator.Deploy.0 = Release|Any CPU
		{434E1C71-9034-489F-8E25-0180016BF563}.AppStore|x64.ActiveCfg = Release|Any CPU
		{434E1C71-9034-489F-8E25-0180016BF563}.AppStore|x64.Build.0 = Release|Any CPU
		{434E1C71-9034-489F-8E25-0180016BF563}.AppStore|x64.Deploy.0 = Release|Any CPU
		{434E1C71-9034-489F-8E25-0180016BF563}.AppStore|x86.ActiveCfg = Release|Any CPU
		{434E1C71-9034-489F-8E25-0180016BF563}.AppStore|x86.Build.0 = Release|Any CPU
		{434E1C71-9034-489F-8E25-0180016BF563}.AppStore|x86.Deploy.0 = Release|Any CPU
		{434E1C71-9034-489F-8E25-0180016BF563}.Debug|Any CPU.ActiveCfg = Debug|Any CPU
		{434E1C71-9034-489F-8E25-0180016BF563}.Debug|Any CPU.Build.0 = Debug|Any CPU
		{434E1C71-9034-489F-8E25-0180016BF563}.Debug|Any CPU.Deploy.0 = Debug|Any CPU
		{434E1C71-9034-489F-8E25-0180016BF563}.Debug|ARM.ActiveCfg = Debug|Any CPU
		{434E1C71-9034-489F-8E25-0180016BF563}.Debug|ARM.Build.0 = Debug|Any CPU
		{434E1C71-9034-489F-8E25-0180016BF563}.Debug|ARM.Deploy.0 = Debug|Any CPU
		{434E1C71-9034-489F-8E25-0180016BF563}.Debug|iPhone.ActiveCfg = Debug|Any CPU
		{434E1C71-9034-489F-8E25-0180016BF563}.Debug|iPhone.Build.0 = Debug|Any CPU
		{434E1C71-9034-489F-8E25-0180016BF563}.Debug|iPhone.Deploy.0 = Debug|Any CPU
		{434E1C71-9034-489F-8E25-0180016BF563}.Debug|iPhoneSimulator.ActiveCfg = Debug|Any CPU
		{434E1C71-9034-489F-8E25-0180016BF563}.Debug|iPhoneSimulator.Build.0 = Debug|Any CPU
		{434E1C71-9034-489F-8E25-0180016BF563}.Debug|iPhoneSimulator.Deploy.0 = Debug|Any CPU
		{434E1C71-9034-489F-8E25-0180016BF563}.Debug|x64.ActiveCfg = Debug|Any CPU
		{434E1C71-9034-489F-8E25-0180016BF563}.Debug|x64.Build.0 = Debug|Any CPU
		{434E1C71-9034-489F-8E25-0180016BF563}.Debug|x64.Deploy.0 = Debug|Any CPU
		{434E1C71-9034-489F-8E25-0180016BF563}.Debug|x86.ActiveCfg = Debug|Any CPU
		{434E1C71-9034-489F-8E25-0180016BF563}.Debug|x86.Build.0 = Debug|Any CPU
		{434E1C71-9034-489F-8E25-0180016BF563}.Debug|x86.Deploy.0 = Debug|Any CPU
		{434E1C71-9034-489F-8E25-0180016BF563}.Release|Any CPU.ActiveCfg = Release|Any CPU
		{434E1C71-9034-489F-8E25-0180016BF563}.Release|Any CPU.Build.0 = Release|Any CPU
		{434E1C71-9034-489F-8E25-0180016BF563}.Release|Any CPU.Deploy.0 = Release|Any CPU
		{434E1C71-9034-489F-8E25-0180016BF563}.Release|ARM.ActiveCfg = Release|Any CPU
		{434E1C71-9034-489F-8E25-0180016BF563}.Release|ARM.Build.0 = Release|Any CPU
		{434E1C71-9034-489F-8E25-0180016BF563}.Release|ARM.Deploy.0 = Release|Any CPU
		{434E1C71-9034-489F-8E25-0180016BF563}.Release|iPhone.ActiveCfg = Release|Any CPU
		{434E1C71-9034-489F-8E25-0180016BF563}.Release|iPhone.Build.0 = Release|Any CPU
		{434E1C71-9034-489F-8E25-0180016BF563}.Release|iPhone.Deploy.0 = Release|Any CPU
		{434E1C71-9034-489F-8E25-0180016BF563}.Release|iPhoneSimulator.ActiveCfg = Release|Any CPU
		{434E1C71-9034-489F-8E25-0180016BF563}.Release|iPhoneSimulator.Build.0 = Release|Any CPU
		{434E1C71-9034-489F-8E25-0180016BF563}.Release|iPhoneSimulator.Deploy.0 = Release|Any CPU
		{434E1C71-9034-489F-8E25-0180016BF563}.Release|x64.ActiveCfg = Release|Any CPU
		{434E1C71-9034-489F-8E25-0180016BF563}.Release|x64.Build.0 = Release|Any CPU
		{434E1C71-9034-489F-8E25-0180016BF563}.Release|x64.Deploy.0 = Release|Any CPU
		{434E1C71-9034-489F-8E25-0180016BF563}.Release|x86.ActiveCfg = Release|Any CPU
		{434E1C71-9034-489F-8E25-0180016BF563}.Release|x86.Build.0 = Release|Any CPU
		{434E1C71-9034-489F-8E25-0180016BF563}.Release|x86.Deploy.0 = Release|Any CPU
		{CDB64F3B-A2A5-406A-BB69-39B7B53FFC5A}.Ad-Hoc|Any CPU.ActiveCfg = Ad-Hoc|iPhone
		{CDB64F3B-A2A5-406A-BB69-39B7B53FFC5A}.Ad-Hoc|Any CPU.Build.0 = Ad-Hoc|iPhone
		{CDB64F3B-A2A5-406A-BB69-39B7B53FFC5A}.Ad-Hoc|Any CPU.Deploy.0 = Ad-Hoc|iPhone
		{CDB64F3B-A2A5-406A-BB69-39B7B53FFC5A}.Ad-Hoc|ARM.ActiveCfg = Ad-Hoc|iPhone
		{CDB64F3B-A2A5-406A-BB69-39B7B53FFC5A}.Ad-Hoc|ARM.Build.0 = Ad-Hoc|iPhone
		{CDB64F3B-A2A5-406A-BB69-39B7B53FFC5A}.Ad-Hoc|ARM.Deploy.0 = Ad-Hoc|iPhone
		{CDB64F3B-A2A5-406A-BB69-39B7B53FFC5A}.Ad-Hoc|iPhone.ActiveCfg = Ad-Hoc|iPhone
		{CDB64F3B-A2A5-406A-BB69-39B7B53FFC5A}.Ad-Hoc|iPhone.Build.0 = Ad-Hoc|iPhone
		{CDB64F3B-A2A5-406A-BB69-39B7B53FFC5A}.Ad-Hoc|iPhone.Deploy.0 = Ad-Hoc|iPhone
		{CDB64F3B-A2A5-406A-BB69-39B7B53FFC5A}.Ad-Hoc|iPhoneSimulator.ActiveCfg = Ad-Hoc|iPhoneSimulator
		{CDB64F3B-A2A5-406A-BB69-39B7B53FFC5A}.Ad-Hoc|iPhoneSimulator.Build.0 = Ad-Hoc|iPhoneSimulator
		{CDB64F3B-A2A5-406A-BB69-39B7B53FFC5A}.Ad-Hoc|iPhoneSimulator.Deploy.0 = Ad-Hoc|iPhoneSimulator
		{CDB64F3B-A2A5-406A-BB69-39B7B53FFC5A}.Ad-Hoc|x64.ActiveCfg = Ad-Hoc|iPhone
		{CDB64F3B-A2A5-406A-BB69-39B7B53FFC5A}.Ad-Hoc|x64.Build.0 = Ad-Hoc|iPhone
		{CDB64F3B-A2A5-406A-BB69-39B7B53FFC5A}.Ad-Hoc|x64.Deploy.0 = Ad-Hoc|iPhone
		{CDB64F3B-A2A5-406A-BB69-39B7B53FFC5A}.Ad-Hoc|x86.ActiveCfg = Ad-Hoc|iPhone
		{CDB64F3B-A2A5-406A-BB69-39B7B53FFC5A}.Ad-Hoc|x86.Build.0 = Ad-Hoc|iPhone
		{CDB64F3B-A2A5-406A-BB69-39B7B53FFC5A}.Ad-Hoc|x86.Deploy.0 = Ad-Hoc|iPhone
		{CDB64F3B-A2A5-406A-BB69-39B7B53FFC5A}.AppStore|Any CPU.ActiveCfg = AppStore|iPhone
		{CDB64F3B-A2A5-406A-BB69-39B7B53FFC5A}.AppStore|Any CPU.Build.0 = AppStore|iPhone
		{CDB64F3B-A2A5-406A-BB69-39B7B53FFC5A}.AppStore|Any CPU.Deploy.0 = AppStore|iPhone
		{CDB64F3B-A2A5-406A-BB69-39B7B53FFC5A}.AppStore|ARM.ActiveCfg = AppStore|iPhone
		{CDB64F3B-A2A5-406A-BB69-39B7B53FFC5A}.AppStore|ARM.Build.0 = AppStore|iPhone
		{CDB64F3B-A2A5-406A-BB69-39B7B53FFC5A}.AppStore|ARM.Deploy.0 = AppStore|iPhone
		{CDB64F3B-A2A5-406A-BB69-39B7B53FFC5A}.AppStore|iPhone.ActiveCfg = AppStore|iPhone
		{CDB64F3B-A2A5-406A-BB69-39B7B53FFC5A}.AppStore|iPhone.Build.0 = AppStore|iPhone
		{CDB64F3B-A2A5-406A-BB69-39B7B53FFC5A}.AppStore|iPhone.Deploy.0 = AppStore|iPhone
		{CDB64F3B-A2A5-406A-BB69-39B7B53FFC5A}.AppStore|iPhoneSimulator.ActiveCfg = AppStore|iPhoneSimulator
		{CDB64F3B-A2A5-406A-BB69-39B7B53FFC5A}.AppStore|iPhoneSimulator.Build.0 = AppStore|iPhoneSimulator
		{CDB64F3B-A2A5-406A-BB69-39B7B53FFC5A}.AppStore|iPhoneSimulator.Deploy.0 = AppStore|iPhoneSimulator
		{CDB64F3B-A2A5-406A-BB69-39B7B53FFC5A}.AppStore|x64.ActiveCfg = AppStore|iPhone
		{CDB64F3B-A2A5-406A-BB69-39B7B53FFC5A}.AppStore|x64.Build.0 = AppStore|iPhone
		{CDB64F3B-A2A5-406A-BB69-39B7B53FFC5A}.AppStore|x64.Deploy.0 = AppStore|iPhone
		{CDB64F3B-A2A5-406A-BB69-39B7B53FFC5A}.AppStore|x86.ActiveCfg = AppStore|iPhone
		{CDB64F3B-A2A5-406A-BB69-39B7B53FFC5A}.AppStore|x86.Build.0 = AppStore|iPhone
		{CDB64F3B-A2A5-406A-BB69-39B7B53FFC5A}.AppStore|x86.Deploy.0 = AppStore|iPhone
		{CDB64F3B-A2A5-406A-BB69-39B7B53FFC5A}.Debug|Any CPU.ActiveCfg = Debug|iPhoneSimulator
		{CDB64F3B-A2A5-406A-BB69-39B7B53FFC5A}.Debug|Any CPU.Build.0 = Debug|iPhoneSimulator
		{CDB64F3B-A2A5-406A-BB69-39B7B53FFC5A}.Debug|Any CPU.Deploy.0 = Debug|iPhoneSimulator
		{CDB64F3B-A2A5-406A-BB69-39B7B53FFC5A}.Debug|ARM.ActiveCfg = Debug|iPhone
		{CDB64F3B-A2A5-406A-BB69-39B7B53FFC5A}.Debug|ARM.Build.0 = Debug|iPhone
		{CDB64F3B-A2A5-406A-BB69-39B7B53FFC5A}.Debug|ARM.Deploy.0 = Debug|iPhone
		{CDB64F3B-A2A5-406A-BB69-39B7B53FFC5A}.Debug|iPhone.ActiveCfg = Debug|iPhone
		{CDB64F3B-A2A5-406A-BB69-39B7B53FFC5A}.Debug|iPhone.Build.0 = Debug|iPhone
		{CDB64F3B-A2A5-406A-BB69-39B7B53FFC5A}.Debug|iPhone.Deploy.0 = Debug|iPhone
		{CDB64F3B-A2A5-406A-BB69-39B7B53FFC5A}.Debug|iPhoneSimulator.ActiveCfg = Debug|iPhoneSimulator
		{CDB64F3B-A2A5-406A-BB69-39B7B53FFC5A}.Debug|iPhoneSimulator.Build.0 = Debug|iPhoneSimulator
		{CDB64F3B-A2A5-406A-BB69-39B7B53FFC5A}.Debug|iPhoneSimulator.Deploy.0 = Debug|iPhoneSimulator
		{CDB64F3B-A2A5-406A-BB69-39B7B53FFC5A}.Debug|x64.ActiveCfg = Debug|iPhone
		{CDB64F3B-A2A5-406A-BB69-39B7B53FFC5A}.Debug|x64.Build.0 = Debug|iPhone
		{CDB64F3B-A2A5-406A-BB69-39B7B53FFC5A}.Debug|x64.Deploy.0 = Debug|iPhone
		{CDB64F3B-A2A5-406A-BB69-39B7B53FFC5A}.Debug|x86.ActiveCfg = Debug|iPhone
		{CDB64F3B-A2A5-406A-BB69-39B7B53FFC5A}.Debug|x86.Build.0 = Debug|iPhone
		{CDB64F3B-A2A5-406A-BB69-39B7B53FFC5A}.Debug|x86.Deploy.0 = Debug|iPhone
		{CDB64F3B-A2A5-406A-BB69-39B7B53FFC5A}.Release|Any CPU.ActiveCfg = Release|iPhone
		{CDB64F3B-A2A5-406A-BB69-39B7B53FFC5A}.Release|Any CPU.Build.0 = Release|iPhone
		{CDB64F3B-A2A5-406A-BB69-39B7B53FFC5A}.Release|Any CPU.Deploy.0 = Release|iPhone
		{CDB64F3B-A2A5-406A-BB69-39B7B53FFC5A}.Release|ARM.ActiveCfg = Release|iPhone
		{CDB64F3B-A2A5-406A-BB69-39B7B53FFC5A}.Release|ARM.Build.0 = Release|iPhone
		{CDB64F3B-A2A5-406A-BB69-39B7B53FFC5A}.Release|ARM.Deploy.0 = Release|iPhone
		{CDB64F3B-A2A5-406A-BB69-39B7B53FFC5A}.Release|iPhone.ActiveCfg = Release|iPhone
		{CDB64F3B-A2A5-406A-BB69-39B7B53FFC5A}.Release|iPhone.Build.0 = Release|iPhone
		{CDB64F3B-A2A5-406A-BB69-39B7B53FFC5A}.Release|iPhone.Deploy.0 = Release|iPhone
		{CDB64F3B-A2A5-406A-BB69-39B7B53FFC5A}.Release|iPhoneSimulator.ActiveCfg = Release|iPhoneSimulator
		{CDB64F3B-A2A5-406A-BB69-39B7B53FFC5A}.Release|iPhoneSimulator.Build.0 = Release|iPhoneSimulator
		{CDB64F3B-A2A5-406A-BB69-39B7B53FFC5A}.Release|iPhoneSimulator.Deploy.0 = Release|iPhoneSimulator
		{CDB64F3B-A2A5-406A-BB69-39B7B53FFC5A}.Release|x64.ActiveCfg = Release|iPhone
		{CDB64F3B-A2A5-406A-BB69-39B7B53FFC5A}.Release|x64.Build.0 = Release|iPhone
		{CDB64F3B-A2A5-406A-BB69-39B7B53FFC5A}.Release|x64.Deploy.0 = Release|iPhone
		{CDB64F3B-A2A5-406A-BB69-39B7B53FFC5A}.Release|x86.ActiveCfg = Release|iPhone
		{CDB64F3B-A2A5-406A-BB69-39B7B53FFC5A}.Release|x86.Build.0 = Release|iPhone
		{CDB64F3B-A2A5-406A-BB69-39B7B53FFC5A}.Release|x86.Deploy.0 = Release|iPhone
		{1A8E48B5-D4D9-4104-8841-01C63603EAE8}.Ad-Hoc|Any CPU.ActiveCfg = Release|x86
		{1A8E48B5-D4D9-4104-8841-01C63603EAE8}.Ad-Hoc|Any CPU.Build.0 = Release|x86
		{1A8E48B5-D4D9-4104-8841-01C63603EAE8}.Ad-Hoc|Any CPU.Deploy.0 = Release|x86
		{1A8E48B5-D4D9-4104-8841-01C63603EAE8}.Ad-Hoc|ARM.ActiveCfg = Release|ARM
		{1A8E48B5-D4D9-4104-8841-01C63603EAE8}.Ad-Hoc|ARM.Build.0 = Release|ARM
		{1A8E48B5-D4D9-4104-8841-01C63603EAE8}.Ad-Hoc|ARM.Deploy.0 = Release|ARM
		{1A8E48B5-D4D9-4104-8841-01C63603EAE8}.Ad-Hoc|iPhone.ActiveCfg = Release|x86
		{1A8E48B5-D4D9-4104-8841-01C63603EAE8}.Ad-Hoc|iPhone.Build.0 = Release|x86
		{1A8E48B5-D4D9-4104-8841-01C63603EAE8}.Ad-Hoc|iPhone.Deploy.0 = Release|x86
		{1A8E48B5-D4D9-4104-8841-01C63603EAE8}.Ad-Hoc|iPhoneSimulator.ActiveCfg = Release|x86
		{1A8E48B5-D4D9-4104-8841-01C63603EAE8}.Ad-Hoc|iPhoneSimulator.Build.0 = Release|x86
		{1A8E48B5-D4D9-4104-8841-01C63603EAE8}.Ad-Hoc|iPhoneSimulator.Deploy.0 = Release|x86
		{1A8E48B5-D4D9-4104-8841-01C63603EAE8}.Ad-Hoc|x64.ActiveCfg = Release|x64
		{1A8E48B5-D4D9-4104-8841-01C63603EAE8}.Ad-Hoc|x64.Build.0 = Release|x64
		{1A8E48B5-D4D9-4104-8841-01C63603EAE8}.Ad-Hoc|x64.Deploy.0 = Release|x64
		{1A8E48B5-D4D9-4104-8841-01C63603EAE8}.Ad-Hoc|x86.ActiveCfg = Release|x86
		{1A8E48B5-D4D9-4104-8841-01C63603EAE8}.Ad-Hoc|x86.Build.0 = Release|x86
		{1A8E48B5-D4D9-4104-8841-01C63603EAE8}.Ad-Hoc|x86.Deploy.0 = Release|x86
		{1A8E48B5-D4D9-4104-8841-01C63603EAE8}.AppStore|Any CPU.ActiveCfg = Release|x86
		{1A8E48B5-D4D9-4104-8841-01C63603EAE8}.AppStore|Any CPU.Build.0 = Release|x86
		{1A8E48B5-D4D9-4104-8841-01C63603EAE8}.AppStore|Any CPU.Deploy.0 = Release|x86
		{1A8E48B5-D4D9-4104-8841-01C63603EAE8}.AppStore|ARM.ActiveCfg = Release|ARM
		{1A8E48B5-D4D9-4104-8841-01C63603EAE8}.AppStore|ARM.Build.0 = Release|ARM
		{1A8E48B5-D4D9-4104-8841-01C63603EAE8}.AppStore|ARM.Deploy.0 = Release|ARM
		{1A8E48B5-D4D9-4104-8841-01C63603EAE8}.AppStore|iPhone.ActiveCfg = Release|x86
		{1A8E48B5-D4D9-4104-8841-01C63603EAE8}.AppStore|iPhone.Build.0 = Release|x86
		{1A8E48B5-D4D9-4104-8841-01C63603EAE8}.AppStore|iPhone.Deploy.0 = Release|x86
		{1A8E48B5-D4D9-4104-8841-01C63603EAE8}.AppStore|iPhoneSimulator.ActiveCfg = Release|x86
		{1A8E48B5-D4D9-4104-8841-01C63603EAE8}.AppStore|iPhoneSimulator.Build.0 = Release|x86
		{1A8E48B5-D4D9-4104-8841-01C63603EAE8}.AppStore|iPhoneSimulator.Deploy.0 = Release|x86
		{1A8E48B5-D4D9-4104-8841-01C63603EAE8}.AppStore|x64.ActiveCfg = Release|x64
		{1A8E48B5-D4D9-4104-8841-01C63603EAE8}.AppStore|x64.Build.0 = Release|x64
		{1A8E48B5-D4D9-4104-8841-01C63603EAE8}.AppStore|x64.Deploy.0 = Release|x64
		{1A8E48B5-D4D9-4104-8841-01C63603EAE8}.AppStore|x86.ActiveCfg = Release|x86
		{1A8E48B5-D4D9-4104-8841-01C63603EAE8}.AppStore|x86.Build.0 = Release|x86
		{1A8E48B5-D4D9-4104-8841-01C63603EAE8}.AppStore|x86.Deploy.0 = Release|x86
		{1A8E48B5-D4D9-4104-8841-01C63603EAE8}.Debug|Any CPU.ActiveCfg = Debug|x86
		{1A8E48B5-D4D9-4104-8841-01C63603EAE8}.Debug|Any CPU.Build.0 = Debug|x86
		{1A8E48B5-D4D9-4104-8841-01C63603EAE8}.Debug|Any CPU.Deploy.0 = Debug|x86
		{1A8E48B5-D4D9-4104-8841-01C63603EAE8}.Debug|ARM.ActiveCfg = Debug|ARM
		{1A8E48B5-D4D9-4104-8841-01C63603EAE8}.Debug|ARM.Build.0 = Debug|ARM
		{1A8E48B5-D4D9-4104-8841-01C63603EAE8}.Debug|ARM.Deploy.0 = Debug|ARM
		{1A8E48B5-D4D9-4104-8841-01C63603EAE8}.Debug|iPhone.ActiveCfg = Debug|x86
		{1A8E48B5-D4D9-4104-8841-01C63603EAE8}.Debug|iPhone.Build.0 = Debug|x86
		{1A8E48B5-D4D9-4104-8841-01C63603EAE8}.Debug|iPhone.Deploy.0 = Debug|x86
		{1A8E48B5-D4D9-4104-8841-01C63603EAE8}.Debug|iPhoneSimulator.ActiveCfg = Debug|x86
		{1A8E48B5-D4D9-4104-8841-01C63603EAE8}.Debug|iPhoneSimulator.Build.0 = Debug|x86
		{1A8E48B5-D4D9-4104-8841-01C63603EAE8}.Debug|iPhoneSimulator.Deploy.0 = Debug|x86
		{1A8E48B5-D4D9-4104-8841-01C63603EAE8}.Debug|x64.ActiveCfg = Debug|x64
		{1A8E48B5-D4D9-4104-8841-01C63603EAE8}.Debug|x64.Build.0 = Debug|x64
		{1A8E48B5-D4D9-4104-8841-01C63603EAE8}.Debug|x64.Deploy.0 = Debug|x64
		{1A8E48B5-D4D9-4104-8841-01C63603EAE8}.Debug|x86.ActiveCfg = Debug|x86
		{1A8E48B5-D4D9-4104-8841-01C63603EAE8}.Debug|x86.Build.0 = Debug|x86
		{1A8E48B5-D4D9-4104-8841-01C63603EAE8}.Debug|x86.Deploy.0 = Debug|x86
		{1A8E48B5-D4D9-4104-8841-01C63603EAE8}.Release|Any CPU.ActiveCfg = Release|x86
		{1A8E48B5-D4D9-4104-8841-01C63603EAE8}.Release|Any CPU.Build.0 = Release|x86
		{1A8E48B5-D4D9-4104-8841-01C63603EAE8}.Release|Any CPU.Deploy.0 = Release|x86
		{1A8E48B5-D4D9-4104-8841-01C63603EAE8}.Release|ARM.ActiveCfg = Release|ARM
		{1A8E48B5-D4D9-4104-8841-01C63603EAE8}.Release|ARM.Build.0 = Release|ARM
		{1A8E48B5-D4D9-4104-8841-01C63603EAE8}.Release|ARM.Deploy.0 = Release|ARM
		{1A8E48B5-D4D9-4104-8841-01C63603EAE8}.Release|iPhone.ActiveCfg = Release|x86
		{1A8E48B5-D4D9-4104-8841-01C63603EAE8}.Release|iPhone.Build.0 = Release|x86
		{1A8E48B5-D4D9-4104-8841-01C63603EAE8}.Release|iPhone.Deploy.0 = Release|x86
		{1A8E48B5-D4D9-4104-8841-01C63603EAE8}.Release|iPhoneSimulator.ActiveCfg = Release|x86
		{1A8E48B5-D4D9-4104-8841-01C63603EAE8}.Release|iPhoneSimulator.Build.0 = Release|x86
		{1A8E48B5-D4D9-4104-8841-01C63603EAE8}.Release|iPhoneSimulator.Deploy.0 = Release|x86
		{1A8E48B5-D4D9-4104-8841-01C63603EAE8}.Release|x64.ActiveCfg = Release|x64
		{1A8E48B5-D4D9-4104-8841-01C63603EAE8}.Release|x64.Build.0 = Release|x64
		{1A8E48B5-D4D9-4104-8841-01C63603EAE8}.Release|x64.Deploy.0 = Release|x64
		{1A8E48B5-D4D9-4104-8841-01C63603EAE8}.Release|x86.ActiveCfg = Release|x86
		{1A8E48B5-D4D9-4104-8841-01C63603EAE8}.Release|x86.Build.0 = Release|x86
		{1A8E48B5-D4D9-4104-8841-01C63603EAE8}.Release|x86.Deploy.0 = Release|x86
		{7C5FD653-CEF0-4001-BC66-325B53099A2F}.Ad-Hoc|Any CPU.ActiveCfg = Debug|Any CPU
		{7C5FD653-CEF0-4001-BC66-325B53099A2F}.Ad-Hoc|Any CPU.Build.0 = Debug|Any CPU
		{7C5FD653-CEF0-4001-BC66-325B53099A2F}.Ad-Hoc|Any CPU.Deploy.0 = Debug|Any CPU
		{7C5FD653-CEF0-4001-BC66-325B53099A2F}.Ad-Hoc|ARM.ActiveCfg = Debug|Any CPU
		{7C5FD653-CEF0-4001-BC66-325B53099A2F}.Ad-Hoc|ARM.Build.0 = Debug|Any CPU
		{7C5FD653-CEF0-4001-BC66-325B53099A2F}.Ad-Hoc|ARM.Deploy.0 = Debug|Any CPU
		{7C5FD653-CEF0-4001-BC66-325B53099A2F}.Ad-Hoc|iPhone.ActiveCfg = Debug|Any CPU
		{7C5FD653-CEF0-4001-BC66-325B53099A2F}.Ad-Hoc|iPhone.Build.0 = Debug|Any CPU
		{7C5FD653-CEF0-4001-BC66-325B53099A2F}.Ad-Hoc|iPhone.Deploy.0 = Debug|Any CPU
		{7C5FD653-CEF0-4001-BC66-325B53099A2F}.Ad-Hoc|iPhoneSimulator.ActiveCfg = Debug|Any CPU
		{7C5FD653-CEF0-4001-BC66-325B53099A2F}.Ad-Hoc|iPhoneSimulator.Build.0 = Debug|Any CPU
		{7C5FD653-CEF0-4001-BC66-325B53099A2F}.Ad-Hoc|iPhoneSimulator.Deploy.0 = Debug|Any CPU
		{7C5FD653-CEF0-4001-BC66-325B53099A2F}.Ad-Hoc|x64.ActiveCfg = Debug|Any CPU
		{7C5FD653-CEF0-4001-BC66-325B53099A2F}.Ad-Hoc|x64.Build.0 = Debug|Any CPU
		{7C5FD653-CEF0-4001-BC66-325B53099A2F}.Ad-Hoc|x64.Deploy.0 = Debug|Any CPU
		{7C5FD653-CEF0-4001-BC66-325B53099A2F}.Ad-Hoc|x86.ActiveCfg = Debug|Any CPU
		{7C5FD653-CEF0-4001-BC66-325B53099A2F}.Ad-Hoc|x86.Build.0 = Debug|Any CPU
		{7C5FD653-CEF0-4001-BC66-325B53099A2F}.Ad-Hoc|x86.Deploy.0 = Debug|Any CPU
		{7C5FD653-CEF0-4001-BC66-325B53099A2F}.AppStore|Any CPU.ActiveCfg = Debug|Any CPU
		{7C5FD653-CEF0-4001-BC66-325B53099A2F}.AppStore|Any CPU.Build.0 = Debug|Any CPU
		{7C5FD653-CEF0-4001-BC66-325B53099A2F}.AppStore|Any CPU.Deploy.0 = Debug|Any CPU
		{7C5FD653-CEF0-4001-BC66-325B53099A2F}.AppStore|ARM.ActiveCfg = Debug|Any CPU
		{7C5FD653-CEF0-4001-BC66-325B53099A2F}.AppStore|ARM.Build.0 = Debug|Any CPU
		{7C5FD653-CEF0-4001-BC66-325B53099A2F}.AppStore|ARM.Deploy.0 = Debug|Any CPU
		{7C5FD653-CEF0-4001-BC66-325B53099A2F}.AppStore|iPhone.ActiveCfg = Debug|Any CPU
		{7C5FD653-CEF0-4001-BC66-325B53099A2F}.AppStore|iPhone.Build.0 = Debug|Any CPU
		{7C5FD653-CEF0-4001-BC66-325B53099A2F}.AppStore|iPhone.Deploy.0 = Debug|Any CPU
		{7C5FD653-CEF0-4001-BC66-325B53099A2F}.AppStore|iPhoneSimulator.ActiveCfg = Debug|Any CPU
		{7C5FD653-CEF0-4001-BC66-325B53099A2F}.AppStore|iPhoneSimulator.Build.0 = Debug|Any CPU
		{7C5FD653-CEF0-4001-BC66-325B53099A2F}.AppStore|iPhoneSimulator.Deploy.0 = Debug|Any CPU
		{7C5FD653-CEF0-4001-BC66-325B53099A2F}.AppStore|x64.ActiveCfg = Debug|Any CPU
		{7C5FD653-CEF0-4001-BC66-325B53099A2F}.AppStore|x64.Build.0 = Debug|Any CPU
		{7C5FD653-CEF0-4001-BC66-325B53099A2F}.AppStore|x64.Deploy.0 = Debug|Any CPU
		{7C5FD653-CEF0-4001-BC66-325B53099A2F}.AppStore|x86.ActiveCfg = Debug|Any CPU
		{7C5FD653-CEF0-4001-BC66-325B53099A2F}.AppStore|x86.Build.0 = Debug|Any CPU
		{7C5FD653-CEF0-4001-BC66-325B53099A2F}.AppStore|x86.Deploy.0 = Debug|Any CPU
		{7C5FD653-CEF0-4001-BC66-325B53099A2F}.Debug|Any CPU.ActiveCfg = Debug|Any CPU
		{7C5FD653-CEF0-4001-BC66-325B53099A2F}.Debug|Any CPU.Build.0 = Debug|Any CPU
		{7C5FD653-CEF0-4001-BC66-325B53099A2F}.Debug|Any CPU.Deploy.0 = Debug|Any CPU
		{7C5FD653-CEF0-4001-BC66-325B53099A2F}.Debug|ARM.ActiveCfg = Debug|Any CPU
		{7C5FD653-CEF0-4001-BC66-325B53099A2F}.Debug|ARM.Build.0 = Debug|Any CPU
		{7C5FD653-CEF0-4001-BC66-325B53099A2F}.Debug|ARM.Deploy.0 = Debug|Any CPU
		{7C5FD653-CEF0-4001-BC66-325B53099A2F}.Debug|iPhone.ActiveCfg = Debug|Any CPU
		{7C5FD653-CEF0-4001-BC66-325B53099A2F}.Debug|iPhone.Build.0 = Debug|Any CPU
		{7C5FD653-CEF0-4001-BC66-325B53099A2F}.Debug|iPhone.Deploy.0 = Debug|Any CPU
		{7C5FD653-CEF0-4001-BC66-325B53099A2F}.Debug|iPhoneSimulator.ActiveCfg = Debug|Any CPU
		{7C5FD653-CEF0-4001-BC66-325B53099A2F}.Debug|iPhoneSimulator.Build.0 = Debug|Any CPU
		{7C5FD653-CEF0-4001-BC66-325B53099A2F}.Debug|iPhoneSimulator.Deploy.0 = Debug|Any CPU
		{7C5FD653-CEF0-4001-BC66-325B53099A2F}.Debug|x64.ActiveCfg = Debug|Any CPU
		{7C5FD653-CEF0-4001-BC66-325B53099A2F}.Debug|x64.Build.0 = Debug|Any CPU
		{7C5FD653-CEF0-4001-BC66-325B53099A2F}.Debug|x64.Deploy.0 = Debug|Any CPU
		{7C5FD653-CEF0-4001-BC66-325B53099A2F}.Debug|x86.ActiveCfg = Debug|Any CPU
		{7C5FD653-CEF0-4001-BC66-325B53099A2F}.Debug|x86.Build.0 = Debug|Any CPU
		{7C5FD653-CEF0-4001-BC66-325B53099A2F}.Debug|x86.Deploy.0 = Debug|Any CPU
		{7C5FD653-CEF0-4001-BC66-325B53099A2F}.Release|Any CPU.ActiveCfg = Release|Any CPU
		{7C5FD653-CEF0-4001-BC66-325B53099A2F}.Release|Any CPU.Build.0 = Release|Any CPU
		{7C5FD653-CEF0-4001-BC66-325B53099A2F}.Release|Any CPU.Deploy.0 = Release|Any CPU
		{7C5FD653-CEF0-4001-BC66-325B53099A2F}.Release|ARM.ActiveCfg = Release|Any CPU
		{7C5FD653-CEF0-4001-BC66-325B53099A2F}.Release|ARM.Build.0 = Release|Any CPU
		{7C5FD653-CEF0-4001-BC66-325B53099A2F}.Release|ARM.Deploy.0 = Release|Any CPU
		{7C5FD653-CEF0-4001-BC66-325B53099A2F}.Release|iPhone.ActiveCfg = Release|Any CPU
		{7C5FD653-CEF0-4001-BC66-325B53099A2F}.Release|iPhone.Build.0 = Release|Any CPU
		{7C5FD653-CEF0-4001-BC66-325B53099A2F}.Release|iPhone.Deploy.0 = Release|Any CPU
		{7C5FD653-CEF0-4001-BC66-325B53099A2F}.Release|iPhoneSimulator.ActiveCfg = Release|Any CPU
		{7C5FD653-CEF0-4001-BC66-325B53099A2F}.Release|iPhoneSimulator.Build.0 = Release|Any CPU
		{7C5FD653-CEF0-4001-BC66-325B53099A2F}.Release|iPhoneSimulator.Deploy.0 = Release|Any CPU
		{7C5FD653-CEF0-4001-BC66-325B53099A2F}.Release|x64.ActiveCfg = Release|Any CPU
		{7C5FD653-CEF0-4001-BC66-325B53099A2F}.Release|x64.Build.0 = Release|Any CPU
		{7C5FD653-CEF0-4001-BC66-325B53099A2F}.Release|x64.Deploy.0 = Release|Any CPU
		{7C5FD653-CEF0-4001-BC66-325B53099A2F}.Release|x86.ActiveCfg = Release|Any CPU
		{7C5FD653-CEF0-4001-BC66-325B53099A2F}.Release|x86.Build.0 = Release|Any CPU
		{7C5FD653-CEF0-4001-BC66-325B53099A2F}.Release|x86.Deploy.0 = Release|Any CPU
	EndGlobalSection
	GlobalSection(SolutionProperties) = preSolution
		HideSolutionNode = FALSE
	EndGlobalSection
	GlobalSection(ExtensibilityGlobals) = postSolution
		SolutionGuid = {0597A65B-1F31-496E-9769-CDC75A71E160}
	EndGlobalSection
EndGlobal
